<?xml version="1.0" encoding="utf-8"?>
<Project ToolsVersion="4.0" xmlns="http://schemas.microsoft.com/developer/msbuild/2003">
  <ItemGroup>
    <Filter Include="Source Files">
      <UniqueIdentifier>{4FC737F1-C7A5-4376-A066-2A32D752A2FF}</UniqueIdentifier>
      <Extensions>cpp;c;cc;cxx;def;odl;idl;hpj;bat;asm;asmx</Extensions>
    </Filter>
    <Filter Include="Header Files">
      <UniqueIdentifier>{93995380-89BD-4b04-88EB-625FBE52EBFB}</UniqueIdentifier>
      <Extensions>h;hh;hpp;hxx;hm;inl;inc;ipp;xsd</Extensions>
    </Filter>
    <Filter Include="Resource Files">
      <UniqueIdentifier>{67DA6AB6-F800-4c08-8B7A-83BB121AAD01}</UniqueIdentifier>
      <Extensions>rc;ico;cur;bmp;dlg;rc2;rct;bin;rgs;gif;jpg;jpeg;jpe;resx;tiff;tif;png;wav;mfcribbon-ms</Extensions>
    </Filter>
  </ItemGroup>
  <ItemGroup>
    <ClCompile Include="source\Game.cpp">
      <Filter>Source Files</Filter>
    </ClCompile>
    <ClCompile Include="source\WindowManager.cpp">
      <Filter>Source Files</Filter>
    </ClCompile>
    <ClCompile Include="source\rendering\Camera.cpp">
      <Filter>Source Files</Filter>
    </ClCompile>
    <ClCompile Include="source\input\CameraController.cpp">
      <Filter>Source Files</Filter>
    </ClCompile>
    <ClCompile Include="source\rendering\Scene.cpp">
      <Filter>Source Files</Filter>
    </ClCompile>
    <ClCompile Include="source\rendering\loaders\GLTFLoader.cpp">
      <Filter>Source Files</Filter>
    </ClCompile>
    <ClCompile Include="source\input\InputController.cpp">
      <Filter>Source Files</Filter>
    </ClCompile>
    <ClCompile Include="source\rendering\Transform.cpp">
      <Filter>Source Files</Filter>
    </ClCompile>
    <ClCompile Include="source\rendering\lighting\LightController.cpp">
      <Filter>Source Files</Filter>
    </ClCompile>
    <ClCompile Include="source\rendering\utilities\Geometry.cpp">
      <Filter>Source Files</Filter>
    </ClCompile>
    <ClCompile Include="source\Entity.cpp">
      <Filter>Source Files</Filter>
    </ClCompile>
    <ClCompile Include="source\rendering\core\Buffer.cpp">
      <Filter>Source Files</Filter>
    </ClCompile>
    <ClCompile Include="source\rendering\core\Context.cpp">
      <Filter>Source Files</Filter>
    </ClCompile>
    <ClCompile Include="source\rendering\core\DepthBufferAttachment.cpp">
      <Filter>Source Files</Filter>
    </ClCompile>
    <ClCompile Include="source\rendering\core\Framebuffer.cpp">
      <Filter>Source Files</Filter>
    </ClCompile>
    <ClCompile Include="source\rendering\core\FramebufferAttachment.cpp">
      <Filter>Source Files</Filter>
    </ClCompile>
    <ClCompile Include="source\rendering\core\Instance.cpp">
      <Filter>Source Files</Filter>
    </ClCompile>
    <ClCompile Include="source\rendering\core\Shader.cpp">
      <Filter>Source Files</Filter>
    </ClCompile>
    <ClCompile Include="source\rendering\core\Surface.cpp">
      <Filter>Source Files</Filter>
    </ClCompile>
    <ClCompile Include="source\rendering\core\Swapchain.cpp">
      <Filter>Source Files</Filter>
    </ClCompile>
    <ClCompile Include="source\rendering\core\SwapchainFramebuffer.cpp">
      <Filter>Source Files</Filter>
    </ClCompile>
    <ClCompile Include="source\rendering\pipelines\DeferredPipeline.cpp">
      <Filter>Source Files</Filter>
    </ClCompile>
    <ClCompile Include="source\rendering\pipelines\FullscreenPipeline.cpp">
      <Filter>Source Files</Filter>
    </ClCompile>
    <ClCompile Include="source\rendering\pipelines\Pipeline.cpp">
      <Filter>Source Files</Filter>
    </ClCompile>
    <ClCompile Include="source\rendering\pipelines\SinglePassPipeline.cpp">
      <Filter>Source Files</Filter>
    </ClCompile>
    <ClCompile Include="source\rendering\renderers\DeferredRenderer.cpp">
      <Filter>Source Files</Filter>
    </ClCompile>
    <ClCompile Include="source\rendering\renderers\Renderer.cpp">
      <Filter>Source Files</Filter>
    </ClCompile>
    <ClCompile Include="source\rendering\renderers\SinglePassRenderer.cpp">
      <Filter>Source Files</Filter>
    </ClCompile>
    <ClCompile Include="source\rendering\renderPasses\GBufferRenderPass.cpp">
      <Filter>Source Files</Filter>
    </ClCompile>
    <ClCompile Include="source\rendering\renderPasses\OffscreenRenderPass.cpp">
      <Filter>Source Files</Filter>
    </ClCompile>
    <ClCompile Include="source\rendering\renderPasses\RenderPass.cpp">
      <Filter>Source Files</Filter>
    </ClCompile>
    <ClCompile Include="source\rendering\renderPasses\SingleRenderPass.cpp">
      <Filter>Source Files</Filter>
    </ClCompile>
    <ClCompile Include="source\rendering\uniforms\DescriptorLayout.cpp">
      <Filter>Source Files</Filter>
    </ClCompile>
    <ClCompile Include="source\rendering\uniforms\DescriptorPool.cpp">
      <Filter>Source Files</Filter>
    </ClCompile>
    <ClCompile Include="source\rendering\uniforms\Sampler.cpp">
      <Filter>Source Files</Filter>
    </ClCompile>
    <ClCompile Include="source\rendering\IndexedVertexBuffer.cpp">
      <Filter>Source Files</Filter>
    </ClCompile>
    <ClCompile Include="source\rendering\ScreenFramebufferRing.cpp">
      <Filter>Source Files</Filter>
    </ClCompile>
    <ClCompile Include="source\terrain\Terrain.cpp">
      <Filter>Source Files</Filter>
    </ClCompile>
    <ClCompile Include="source\terrain\TerrainTile.cpp">
      <Filter>Source Files</Filter>
    </ClCompile>
    <ClCompile Include="source\commons\time\Timer.cpp">
      <Filter>Source Files</Filter>
    </ClCompile>
  </ItemGroup>
  <ItemGroup>
    <ClInclude Include="include\WindowManager.h">
      <Filter>Header Files</Filter>
    </ClInclude>
    <ClInclude Include="include\rendering\Camera.h">
      <Filter>Header Files</Filter>
    </ClInclude>
    <ClInclude Include="include\input\CameraController.h">
      <Filter>Header Files</Filter>
    </ClInclude>
    <ClInclude Include="include\rendering\Scene.h">
      <Filter>Header Files</Filter>
    </ClInclude>
    <ClInclude Include="include\rendering\loaders\GLTFLoader.h">
      <Filter>Header Files</Filter>
    </ClInclude>
    <ClInclude Include="include\input\InputController.h">
      <Filter>Header Files</Filter>
    </ClInclude>
    <ClInclude Include="include\input\InputEventListener.h">
      <Filter>Header Files</Filter>
    </ClInclude>
    <ClInclude Include="include\rendering\lighting\LightController.h">
      <Filter>Header Files</Filter>
    </ClInclude>
    <ClInclude Include="include\Entity.h">
      <Filter>Header Files</Filter>
    </ClInclude>
    <ClInclude Include="include\Transform.h">
      <Filter>Header Files</Filter>
    </ClInclude>
    <ClInclude Include="include\terrain\Terrain.h">
      <Filter>Header Files</Filter>
    </ClInclude>
    <ClInclude Include="include\terrain\TerrainTile.h">
      <Filter>Header Files</Filter>
    </ClInclude>
    <ClInclude Include="include\rendering\core\Buffer.h">
      <Filter>Header Files</Filter>
    </ClInclude>
    <ClInclude Include="include\rendering\core\Context.h">
      <Filter>Header Files</Filter>
    </ClInclude>
    <ClInclude Include="include\rendering\core\DepthBufferAttachment.h">
      <Filter>Header Files</Filter>
    </ClInclude>
    <ClInclude Include="include\rendering\core\Framebuffer.h">
      <Filter>Header Files</Filter>
    </ClInclude>
    <ClInclude Include="include\rendering\core\FramebufferAttachment.h">
      <Filter>Header Files</Filter>
    </ClInclude>
    <ClInclude Include="include\rendering\core\Instance.h">
      <Filter>Header Files</Filter>
    </ClInclude>
    <ClInclude Include="include\rendering\core\Shader.h">
      <Filter>Header Files</Filter>
    </ClInclude>
    <ClInclude Include="include\rendering\core\Surface.h">
      <Filter>Header Files</Filter>
    </ClInclude>
    <ClInclude Include="include\rendering\core\Swapchain.h">
      <Filter>Header Files</Filter>
    </ClInclude>
    <ClInclude Include="include\rendering\core\SwapchainFramebuffer.h">
      <Filter>Header Files</Filter>
    </ClInclude>
    <ClInclude Include="include\rendering\pipelines\DeferredPipeline.h">
      <Filter>Header Files</Filter>
    </ClInclude>
    <ClInclude Include="include\rendering\pipelines\FullscreenPipeline.h">
      <Filter>Header Files</Filter>
    </ClInclude>
    <ClInclude Include="include\rendering\pipelines\Pipeline.h">
      <Filter>Header Files</Filter>
    </ClInclude>
    <ClInclude Include="include\rendering\pipelines\SinglePassPipeline.h">
      <Filter>Header Files</Filter>
    </ClInclude>
    <ClInclude Include="include\rendering\renderers\DeferredRenderer.h">
      <Filter>Header Files</Filter>
    </ClInclude>
    <ClInclude Include="include\rendering\renderers\Renderer.h">
      <Filter>Header Files</Filter>
    </ClInclude>
    <ClInclude Include="include\rendering\renderers\SinglePassRenderer.h">
      <Filter>Header Files</Filter>
    </ClInclude>
    <ClInclude Include="include\rendering\renderPasses\FullscreenRenderPass.h">
      <Filter>Header Files</Filter>
    </ClInclude>
    <ClInclude Include="include\rendering\renderPasses\GBufferRenderPass.h">
      <Filter>Header Files</Filter>
    </ClInclude>
    <ClInclude Include="include\rendering\renderPasses\RenderPass.h">
      <Filter>Header Files</Filter>
    </ClInclude>
    <ClInclude Include="include\rendering\renderPasses\SingleRenderPass.h">
      <Filter>Header Files</Filter>
    </ClInclude>
    <ClInclude Include="include\rendering\uniforms\DescriptorLayout.h">
      <Filter>Header Files</Filter>
    </ClInclude>
    <ClInclude Include="include\rendering\uniforms\DescriptorPool.h">
      <Filter>Header Files</Filter>
    </ClInclude>
    <ClInclude Include="include\rendering\uniforms\Sampler.h">
      <Filter>Header Files</Filter>
    </ClInclude>
    <ClInclude Include="include\rendering\uniforms\Uniform.h">
      <Filter>Header Files</Filter>
    </ClInclude>
    <ClInclude Include="include\rendering\IndexedVertexBuffer.h">
      <Filter>Header Files</Filter>
    </ClInclude>
    <ClInclude Include="include\rendering\ScreenFramebufferRing.h">
      <Filter>Header Files</Filter>
    </ClInclude>
    <ClInclude Include="include\commons\random\PerlinNoiseGenerator.h">
      <Filter>Header Files</Filter>
    </ClInclude>
    <ClInclude Include="include\commons\time\Timer.h">
      <Filter>Header Files</Filter>
    </ClInclude>
  </ItemGroup>
  <ItemGroup>
    <CustomBuild Include="shaders\source\fullscreen.frag" />
    <CustomBuild Include="shaders\source\fullscreen.vert" />
    <CustomBuild Include="shaders\source\gbuffer.frag" />
    <CustomBuild Include="shaders\source\gbuffer.vert" />
    <CustomBuild Include="shaders\source\main.frag" />
    <CustomBuild Include="shaders\source\main.vert" />
  </ItemGroup>
</Project>